
Microsoft Visual Studio Solution File, Format Version 12.00
# Visual Studio Version 17
VisualStudioVersion = 17.8.34330.188
MinimumVisualStudioVersion = 10.0.40219.1
Project("{FAE04EC0-301F-11D3-BF4B-00C04F79EFBC}") = "KochinProject-ISP21K", "KochinProject-ISP21K.csproj", "{05BAD74D-3AE6-410D-B83C-EF9D1DCACDE5}"
EndProject
Global
	GlobalSection(SolutionConfigurationPlatforms) = preSolution
		Debug|Any CPU = Debug|Any CPU
		Release|Any CPU = Release|Any CPU
	EndGlobalSection
	GlobalSection(ProjectConfigurationPlatforms) = postSolution
		{05BAD74D-3AE6-410D-B83C-EF9D1DCACDE5}.Debug|Any CPU.ActiveCfg = Debug|Any CPU
		{05BAD74D-3AE6-410D-B83C-EF9D1DCACDE5}.Debug|Any CPU.Build.0 = Debug|Any CPU
		{05BAD74D-3AE6-410D-B83C-EF9D1DCACDE5}.Release|Any CPU.ActiveCfg = Release|Any CPU
		{05BAD74D-3AE6-410D-B83C-EF9D1DCACDE5}.Release|Any CPU.Build.0 = Release|Any CPU
	EndGlobalSection
	GlobalSection(SolutionProperties) = preSolution
		HideSolutionNode = FALSE
	EndGlobalSection
	GlobalSection(ExtensibilityGlobals) = postSolution
		SolutionGuid = {4AB828A9-C514-468B-8677-9404AC7959D8}
	EndGlobalSection
EndGlobal
